
Microsoft Visual Studio Solution File, Format Version 12.00
# Visual Studio Version 17
VisualStudioVersion = 17.4.33205.214
MinimumVisualStudioVersion = 10.0.40219.1
Project("{FAE04EC0-301F-11D3-BF4B-00C04F79EFBC}") = "büyük ve büyük eşit operatörü", "büyük ve büyük eşit operatörü\büyük ve büyük eşit operatörü.csproj", "{E32C94E0-2CC4-4356-8DAE-6303F5C4FB05}"
EndProject
Global
	GlobalSection(SolutionConfigurationPlatforms) = preSolution
		Debug|Any CPU = Debug|Any CPU
		Release|Any CPU = Release|Any CPU
	EndGlobalSection
	GlobalSection(ProjectConfigurationPlatforms) = postSolution
		{E32C94E0-2CC4-4356-8DAE-6303F5C4FB05}.Debug|Any CPU.ActiveCfg = Debug|Any CPU
		{E32C94E0-2CC4-4356-8DAE-6303F5C4FB05}.Debug|Any CPU.Build.0 = Debug|Any CPU
		{E32C94E0-2CC4-4356-8DAE-6303F5C4FB05}.Release|Any CPU.ActiveCfg = Release|Any CPU
		{E32C94E0-2CC4-4356-8DAE-6303F5C4FB05}.Release|Any CPU.Build.0 = Release|Any CPU
	EndGlobalSection
	GlobalSection(SolutionProperties) = preSolution
		HideSolutionNode = FALSE
	EndGlobalSection
	GlobalSection(ExtensibilityGlobals) = postSolution
		SolutionGuid = {F7DCC323-B067-4407-8E9C-E4E74CF7EAD4}
	EndGlobalSection
EndGlobal
